// !$*UTF8*$!
{
	archiveVersion = 1;
	classes = {
	};
	objectVersion = 55;
	objects = {

/* Begin PBXBuildFile section */
		DBDF34E326BE25050054ED4E /* Tests_iOS.swift in Sources */ = {isa = PBXBuildFile; fileRef = DBDF34E226BE25050054ED4E /* Tests_iOS.swift */; };
		DBDF34ED26BE25050054ED4E /* Tests_macOS.swift in Sources */ = {isa = PBXBuildFile; fileRef = DBDF34EC26BE25050054ED4E /* Tests_macOS.swift */; };
		DBDF34EE26BE25050054ED4E /* UnitTestDemoApp.swift in Sources */ = {isa = PBXBuildFile; fileRef = DBDF34CC26BE25040054ED4E /* UnitTestDemoApp.swift */; };
		DBDF34EF26BE25050054ED4E /* UnitTestDemoApp.swift in Sources */ = {isa = PBXBuildFile; fileRef = DBDF34CC26BE25040054ED4E /* UnitTestDemoApp.swift */; };
		DBDF34F026BE25050054ED4E /* ContentView.swift in Sources */ = {isa = PBXBuildFile; fileRef = DBDF34CD26BE25040054ED4E /* ContentView.swift */; };
		DBDF34F126BE25050054ED4E /* ContentView.swift in Sources */ = {isa = PBXBuildFile; fileRef = DBDF34CD26BE25040054ED4E /* ContentView.swift */; };
		DBDF34F226BE25050054ED4E /* Assets.xcassets in Resources */ = {isa = PBXBuildFile; fileRef = DBDF34CE26BE25050054ED4E /* Assets.xcassets */; };
		DBDF34F326BE25050054ED4E /* Assets.xcassets in Resources */ = {isa = PBXBuildFile; fileRef = DBDF34CE26BE25050054ED4E /* Assets.xcassets */; };
		DBDF350426BE25C90054ED4E /* Student.swift in Sources */ = {isa = PBXBuildFile; fileRef = DBDF350326BE25C90054ED4E /* Student.swift */; };
		DBDF350626BE26B60054ED4E /* StudentTests.swift in Sources */ = {isa = PBXBuildFile; fileRef = DBDF350526BE26B60054ED4E /* StudentTests.swift */; };
		DBDF350726BE29B70054ED4E /* Student.swift in Sources */ = {isa = PBXBuildFile; fileRef = DBDF350326BE25C90054ED4E /* Student.swift */; };
		DBDF350926BE2ED90054ED4E /* School.swift in Sources */ = {isa = PBXBuildFile; fileRef = DBDF350826BE2ED90054ED4E /* School.swift */; };
		DBDF350A26BE30B80054ED4E /* School.swift in Sources */ = {isa = PBXBuildFile; fileRef = DBDF350826BE2ED90054ED4E /* School.swift */; };
		DBDF350C26BE30CC0054ED4E /* SchoolTests.swift in Sources */ = {isa = PBXBuildFile; fileRef = DBDF350B26BE30CC0054ED4E /* SchoolTests.swift */; };
		DBDF350F26BF77110054ED4E /* Request.swift in Sources */ = {isa = PBXBuildFile; fileRef = DBDF350E26BF77110054ED4E /* Request.swift */; };
		DBDF351126BF83E10054ED4E /* APIService.swift in Sources */ = {isa = PBXBuildFile; fileRef = DBDF351026BF83E10054ED4E /* APIService.swift */; };
		DBDF351326BF88840054ED4E /* APIServiceTest.swift in Sources */ = {isa = PBXBuildFile; fileRef = DBDF351226BF88840054ED4E /* APIServiceTest.swift */; };
		DBDF351426BF88890054ED4E /* APIService.swift in Sources */ = {isa = PBXBuildFile; fileRef = DBDF351026BF83E10054ED4E /* APIService.swift */; };
		DBDF351526BF888D0054ED4E /* Request.swift in Sources */ = {isa = PBXBuildFile; fileRef = DBDF350E26BF77110054ED4E /* Request.swift */; };
/* End PBXBuildFile section */

/* Begin PBXContainerItemProxy section */
		DBDF34DF26BE25050054ED4E /* PBXContainerItemProxy */ = {
			isa = PBXContainerItemProxy;
			containerPortal = DBDF34C726BE25040054ED4E /* Project object */;
			proxyType = 1;
			remoteGlobalIDString = DBDF34D226BE25050054ED4E;
			remoteInfo = "UnitTestDemo (iOS)";
		};
		DBDF34E926BE25050054ED4E /* PBXContainerItemProxy */ = {
			isa = PBXContainerItemProxy;
			containerPortal = DBDF34C726BE25040054ED4E /* Project object */;
			proxyType = 1;
			remoteGlobalIDString = DBDF34D826BE25050054ED4E;
			remoteInfo = "UnitTestDemo (macOS)";
		};
/* End PBXContainerItemProxy section */

/* Begin PBXFileReference section */
		DBDF34CC26BE25040054ED4E /* UnitTestDemoApp.swift */ = {isa = PBXFileReference; lastKnownFileType = sourcecode.swift; path = UnitTestDemoApp.swift; sourceTree = "<group>"; };
		DBDF34CD26BE25040054ED4E /* ContentView.swift */ = {isa = PBXFileReference; lastKnownFileType = sourcecode.swift; path = ContentView.swift; sourceTree = "<group>"; };
		DBDF34CE26BE25050054ED4E /* Assets.xcassets */ = {isa = PBXFileReference; lastKnownFileType = folder.assetcatalog; path = Assets.xcassets; sourceTree = "<group>"; };
		DBDF34D326BE25050054ED4E /* UnitTestDemo.app */ = {isa = PBXFileReference; explicitFileType = wrapper.application; includeInIndex = 0; path = UnitTestDemo.app; sourceTree = BUILT_PRODUCTS_DIR; };
		DBDF34D926BE25050054ED4E /* UnitTestDemo.app */ = {isa = PBXFileReference; explicitFileType = wrapper.application; includeInIndex = 0; path = UnitTestDemo.app; sourceTree = BUILT_PRODUCTS_DIR; };
		DBDF34DE26BE25050054ED4E /* Tests iOS.xctest */ = {isa = PBXFileReference; explicitFileType = wrapper.cfbundle; includeInIndex = 0; path = "Tests iOS.xctest"; sourceTree = BUILT_PRODUCTS_DIR; };
		DBDF34E226BE25050054ED4E /* Tests_iOS.swift */ = {isa = PBXFileReference; lastKnownFileType = sourcecode.swift; path = Tests_iOS.swift; sourceTree = "<group>"; };
		DBDF34E826BE25050054ED4E /* Tests macOS.xctest */ = {isa = PBXFileReference; explicitFileType = wrapper.cfbundle; includeInIndex = 0; path = "Tests macOS.xctest"; sourceTree = BUILT_PRODUCTS_DIR; };
		DBDF34EC26BE25050054ED4E /* Tests_macOS.swift */ = {isa = PBXFileReference; lastKnownFileType = sourcecode.swift; path = Tests_macOS.swift; sourceTree = "<group>"; };
		DBDF350326BE25C90054ED4E /* Student.swift */ = {isa = PBXFileReference; lastKnownFileType = sourcecode.swift; path = Student.swift; sourceTree = "<group>"; };
		DBDF350526BE26B60054ED4E /* StudentTests.swift */ = {isa = PBXFileReference; lastKnownFileType = sourcecode.swift; path = StudentTests.swift; sourceTree = "<group>"; };
		DBDF350826BE2ED90054ED4E /* School.swift */ = {isa = PBXFileReference; lastKnownFileType = sourcecode.swift; path = School.swift; sourceTree = "<group>"; };
		DBDF350B26BE30CC0054ED4E /* SchoolTests.swift */ = {isa = PBXFileReference; lastKnownFileType = sourcecode.swift; path = SchoolTests.swift; sourceTree = "<group>"; };
		DBDF350E26BF77110054ED4E /* Request.swift */ = {isa = PBXFileReference; lastKnownFileType = sourcecode.swift; path = Request.swift; sourceTree = "<group>"; };
		DBDF351026BF83E10054ED4E /* APIService.swift */ = {isa = PBXFileReference; lastKnownFileType = sourcecode.swift; path = APIService.swift; sourceTree = "<group>"; };
		DBDF351226BF88840054ED4E /* APIServiceTest.swift */ = {isa = PBXFileReference; lastKnownFileType = sourcecode.swift; path = APIServiceTest.swift; sourceTree = "<group>"; };
/* End PBXFileReference section */

/* Begin PBXFrameworksBuildPhase section */
		DBDF34D026BE25050054ED4E /* Frameworks */ = {
			isa = PBXFrameworksBuildPhase;
			buildActionMask = 2147483647;
			files = (
			);
			runOnlyForDeploymentPostprocessing = 0;
		};
		DBDF34D626BE25050054ED4E /* Frameworks */ = {
			isa = PBXFrameworksBuildPhase;
			buildActionMask = 2147483647;
			files = (
			);
			runOnlyForDeploymentPostprocessing = 0;
		};
		DBDF34DB26BE25050054ED4E /* Frameworks */ = {
			isa = PBXFrameworksBuildPhase;
			buildActionMask = 2147483647;
			files = (
			);
			runOnlyForDeploymentPostprocessing = 0;
		};
		DBDF34E526BE25050054ED4E /* Frameworks */ = {
			isa = PBXFrameworksBuildPhase;
			buildActionMask = 2147483647;
			files = (
			);
			runOnlyForDeploymentPostprocessing = 0;
		};
/* End PBXFrameworksBuildPhase section */

/* Begin PBXGroup section */
		DBDF34C626BE25040054ED4E = {
			isa = PBXGroup;
			children = (
				DBDF34CB26BE25040054ED4E /* Shared */,
				DBDF34E126BE25050054ED4E /* Tests iOS */,
				DBDF34EB26BE25050054ED4E /* Tests macOS */,
				DBDF34D426BE25050054ED4E /* Products */,
			);
			sourceTree = "<group>";
		};
		DBDF34CB26BE25040054ED4E /* Shared */ = {
			isa = PBXGroup;
			children = (
				DBDF350D26BE3F630054ED4E /* Network */,
				DBDF350226BE25B60054ED4E /* Models */,
				DBDF34CC26BE25040054ED4E /* UnitTestDemoApp.swift */,
				DBDF34CD26BE25040054ED4E /* ContentView.swift */,
				DBDF34CE26BE25050054ED4E /* Assets.xcassets */,
			);
			path = Shared;
			sourceTree = "<group>";
		};
		DBDF34D426BE25050054ED4E /* Products */ = {
			isa = PBXGroup;
			children = (
				DBDF34D326BE25050054ED4E /* UnitTestDemo.app */,
				DBDF34D926BE25050054ED4E /* UnitTestDemo.app */,
				DBDF34DE26BE25050054ED4E /* Tests iOS.xctest */,
				DBDF34E826BE25050054ED4E /* Tests macOS.xctest */,
			);
			name = Products;
			sourceTree = "<group>";
		};
		DBDF34E126BE25050054ED4E /* Tests iOS */ = {
			isa = PBXGroup;
			children = (
				DBDF34E226BE25050054ED4E /* Tests_iOS.swift */,
				DBDF350526BE26B60054ED4E /* StudentTests.swift */,
				DBDF350B26BE30CC0054ED4E /* SchoolTests.swift */,
				DBDF351226BF88840054ED4E /* APIServiceTest.swift */,
			);
			path = "Tests iOS";
			sourceTree = "<group>";
		};
		DBDF34EB26BE25050054ED4E /* Tests macOS */ = {
			isa = PBXGroup;
			children = (
				DBDF34EC26BE25050054ED4E /* Tests_macOS.swift */,
			);
			path = "Tests macOS";
			sourceTree = "<group>";
		};
		DBDF350226BE25B60054ED4E /* Models */ = {
			isa = PBXGroup;
			children = (
				DBDF350326BE25C90054ED4E /* Student.swift */,
				DBDF350826BE2ED90054ED4E /* School.swift */,
			);
			path = Models;
			sourceTree = "<group>";
		};
		DBDF350D26BE3F630054ED4E /* Network */ = {
			isa = PBXGroup;
			children = (
				DBDF350E26BF77110054ED4E /* Request.swift */,
				DBDF351026BF83E10054ED4E /* APIService.swift */,
			);
			path = Network;
			sourceTree = "<group>";
		};
/* End PBXGroup section */

/* Begin PBXNativeTarget section */
		DBDF34D226BE25050054ED4E /* UnitTestDemo (iOS) */ = {
			isa = PBXNativeTarget;
			buildConfigurationList = DBDF34F626BE25050054ED4E /* Build configuration list for PBXNativeTarget "UnitTestDemo (iOS)" */;
			buildPhases = (
				DBDF34CF26BE25050054ED4E /* Sources */,
				DBDF34D026BE25050054ED4E /* Frameworks */,
				DBDF34D126BE25050054ED4E /* Resources */,
			);
			buildRules = (
			);
			dependencies = (
			);
			name = "UnitTestDemo (iOS)";
			productName = "UnitTestDemo (iOS)";
			productReference = DBDF34D326BE25050054ED4E /* UnitTestDemo.app */;
			productType = "com.apple.product-type.application";
		};
		DBDF34D826BE25050054ED4E /* UnitTestDemo (macOS) */ = {
			isa = PBXNativeTarget;
			buildConfigurationList = DBDF34F926BE25050054ED4E /* Build configuration list for PBXNativeTarget "UnitTestDemo (macOS)" */;
			buildPhases = (
				DBDF34D526BE25050054ED4E /* Sources */,
				DBDF34D626BE25050054ED4E /* Frameworks */,
				DBDF34D726BE25050054ED4E /* Resources */,
			);
			buildRules = (
			);
			dependencies = (
			);
			name = "UnitTestDemo (macOS)";
			productName = "UnitTestDemo (macOS)";
			productReference = DBDF34D926BE25050054ED4E /* UnitTestDemo.app */;
			productType = "com.apple.product-type.application";
		};
		DBDF34DD26BE25050054ED4E /* Tests iOS */ = {
			isa = PBXNativeTarget;
			buildConfigurationList = DBDF34FC26BE25050054ED4E /* Build configuration list for PBXNativeTarget "Tests iOS" */;
			buildPhases = (
				DBDF34DA26BE25050054ED4E /* Sources */,
				DBDF34DB26BE25050054ED4E /* Frameworks */,
				DBDF34DC26BE25050054ED4E /* Resources */,
			);
			buildRules = (
			);
			dependencies = (
				DBDF34E026BE25050054ED4E /* PBXTargetDependency */,
			);
			name = "Tests iOS";
			productName = "Tests iOS";
			productReference = DBDF34DE26BE25050054ED4E /* Tests iOS.xctest */;
			productType = "com.apple.product-type.bundle.ui-testing";
		};
		DBDF34E726BE25050054ED4E /* Tests macOS */ = {
			isa = PBXNativeTarget;
			buildConfigurationList = DBDF34FF26BE25050054ED4E /* Build configuration list for PBXNativeTarget "Tests macOS" */;
			buildPhases = (
				DBDF34E426BE25050054ED4E /* Sources */,
				DBDF34E526BE25050054ED4E /* Frameworks */,
				DBDF34E626BE25050054ED4E /* Resources */,
			);
			buildRules = (
			);
			dependencies = (
				DBDF34EA26BE25050054ED4E /* PBXTargetDependency */,
			);
			name = "Tests macOS";
			productName = "Tests macOS";
			productReference = DBDF34E826BE25050054ED4E /* Tests macOS.xctest */;
			productType = "com.apple.product-type.bundle.ui-testing";
		};
/* End PBXNativeTarget section */

/* Begin PBXProject section */
		DBDF34C726BE25040054ED4E /* Project object */ = {
			isa = PBXProject;
			attributes = {
				BuildIndependentTargetsInParallel = 1;
				LastSwiftUpdateCheck = 1300;
				LastUpgradeCheck = 1300;
				TargetAttributes = {
					DBDF34D226BE25050054ED4E = {
						CreatedOnToolsVersion = 13.0;
					};
					DBDF34D826BE25050054ED4E = {
						CreatedOnToolsVersion = 13.0;
					};
					DBDF34DD26BE25050054ED4E = {
						CreatedOnToolsVersion = 13.0;
						TestTargetID = DBDF34D226BE25050054ED4E;
					};
					DBDF34E726BE25050054ED4E = {
						CreatedOnToolsVersion = 13.0;
						TestTargetID = DBDF34D826BE25050054ED4E;
					};
				};
			};
			buildConfigurationList = DBDF34CA26BE25040054ED4E /* Build configuration list for PBXProject "UnitTestDemo" */;
			compatibilityVersion = "Xcode 13.0";
			developmentRegion = en;
			hasScannedForEncodings = 0;
			knownRegions = (
				en,
				Base,
			);
			mainGroup = DBDF34C626BE25040054ED4E;
			productRefGroup = DBDF34D426BE25050054ED4E /* Products */;
			projectDirPath = "";
			projectRoot = "";
			targets = (
				DBDF34D226BE25050054ED4E /* UnitTestDemo (iOS) */,
				DBDF34D826BE25050054ED4E /* UnitTestDemo (macOS) */,
				DBDF34DD26BE25050054ED4E /* Tests iOS */,
				DBDF34E726BE25050054ED4E /* Tests macOS */,
			);
		};
/* End PBXProject section */

/* Begin PBXResourcesBuildPhase section */
		DBDF34D126BE25050054ED4E /* Resources */ = {
			isa = PBXResourcesBuildPhase;
			buildActionMask = 2147483647;
			files = (
				DBDF34F226BE25050054ED4E /* Assets.xcassets in Resources */,
			);
			runOnlyForDeploymentPostprocessing = 0;
		};
		DBDF34D726BE25050054ED4E /* Resources */ = {
			isa = PBXResourcesBuildPhase;
			buildActionMask = 2147483647;
			files = (
				DBDF34F326BE25050054ED4E /* Assets.xcassets in Resources */,
			);
			runOnlyForDeploymentPostprocessing = 0;
		};
		DBDF34DC26BE25050054ED4E /* Resources */ = {
			isa = PBXResourcesBuildPhase;
			buildActionMask = 2147483647;
			files = (
			);
			runOnlyForDeploymentPostprocessing = 0;
		};
		DBDF34E626BE25050054ED4E /* Resources */ = {
			isa = PBXResourcesBuildPhase;
			buildActionMask = 2147483647;
			files = (
			);
			runOnlyForDeploymentPostprocessing = 0;
		};
/* End PBXResourcesBuildPhase section */

/* Begin PBXSourcesBuildPhase section */
		DBDF34CF26BE25050054ED4E /* Sources */ = {
			isa = PBXSourcesBuildPhase;
			buildActionMask = 2147483647;
			files = (
				DBDF34F026BE25050054ED4E /* ContentView.swift in Sources */,
				DBDF350426BE25C90054ED4E /* Student.swift in Sources */,
				DBDF350F26BF77110054ED4E /* Request.swift in Sources */,
				DBDF34EE26BE25050054ED4E /* UnitTestDemoApp.swift in Sources */,
				DBDF351126BF83E10054ED4E /* APIService.swift in Sources */,
				DBDF350926BE2ED90054ED4E /* School.swift in Sources */,
			);
			runOnlyForDeploymentPostprocessing = 0;
		};
		DBDF34D526BE25050054ED4E /* Sources */ = {
			isa = PBXSourcesBuildPhase;
			buildActionMask = 2147483647;
			files = (
				DBDF34F126BE25050054ED4E /* ContentView.swift in Sources */,
				DBDF34EF26BE25050054ED4E /* UnitTestDemoApp.swift in Sources */,
			);
			runOnlyForDeploymentPostprocessing = 0;
		};
		DBDF34DA26BE25050054ED4E /* Sources */ = {
			isa = PBXSourcesBuildPhase;
			buildActionMask = 2147483647;
			files = (
				DBDF351326BF88840054ED4E /* APIServiceTest.swift in Sources */,
				DBDF351526BF888D0054ED4E /* Request.swift in Sources */,
				DBDF351426BF88890054ED4E /* APIService.swift in Sources */,
				DBDF34E326BE25050054ED4E /* Tests_iOS.swift in Sources */,
				DBDF350726BE29B70054ED4E /* Student.swift in Sources */,
				DBDF350626BE26B60054ED4E /* StudentTests.swift in Sources */,
				DBDF350C26BE30CC0054ED4E /* SchoolTests.swift in Sources */,
				DBDF350A26BE30B80054ED4E /* School.swift in Sources */,
			);
			runOnlyForDeploymentPostprocessing = 0;
		};
		DBDF34E426BE25050054ED4E /* Sources */ = {
			isa = PBXSourcesBuildPhase;
			buildActionMask = 2147483647;
			files = (
				DBDF34ED26BE25050054ED4E /* Tests_macOS.swift in Sources */,
			);
			runOnlyForDeploymentPostprocessing = 0;
		};
/* End PBXSourcesBuildPhase section */

/* Begin PBXTargetDependency section */
		DBDF34E026BE25050054ED4E /* PBXTargetDependency */ = {
			isa = PBXTargetDependency;
			target = DBDF34D226BE25050054ED4E /* UnitTestDemo (iOS) */;
			targetProxy = DBDF34DF26BE25050054ED4E /* PBXContainerItemProxy */;
		};
		DBDF34EA26BE25050054ED4E /* PBXTargetDependency */ = {
			isa = PBXTargetDependency;
			target = DBDF34D826BE25050054ED4E /* UnitTestDemo (macOS) */;
			targetProxy = DBDF34E926BE25050054ED4E /* PBXContainerItemProxy */;
		};
/* End PBXTargetDependency section */

/* Begin XCBuildConfiguration section */
		DBDF34F426BE25050054ED4E /* Debug */ = {
			isa = XCBuildConfiguration;
			buildSettings = {
				ALWAYS_SEARCH_USER_PATHS = NO;
				CLANG_ANALYZER_NONNULL = YES;
				CLANG_ANALYZER_NUMBER_OBJECT_CONVERSION = YES_AGGRESSIVE;
				CLANG_CXX_LANGUAGE_STANDARD = "gnu++17";
				CLANG_CXX_LIBRARY = "libc++";
				CLANG_ENABLE_MODULES = YES;
				CLANG_ENABLE_OBJC_ARC = YES;
				CLANG_ENABLE_OBJC_WEAK = YES;
				CLANG_WARN_BLOCK_CAPTURE_AUTORELEASING = YES;
				CLANG_WARN_BOOL_CONVERSION = YES;
				CLANG_WARN_COMMA = YES;
				CLANG_WARN_CONSTANT_CONVERSION = YES;
				CLANG_WARN_DEPRECATED_OBJC_IMPLEMENTATIONS = YES;
				CLANG_WARN_DIRECT_OBJC_ISA_USAGE = YES_ERROR;
				CLANG_WARN_DOCUMENTATION_COMMENTS = YES;
				CLANG_WARN_EMPTY_BODY = YES;
				CLANG_WARN_ENUM_CONVERSION = YES;
				CLANG_WARN_INFINITE_RECURSION = YES;
				CLANG_WARN_INT_CONVERSION = YES;
				CLANG_WARN_NON_LITERAL_NULL_CONVERSION = YES;
				CLANG_WARN_OBJC_IMPLICIT_RETAIN_SELF = YES;
				CLANG_WARN_OBJC_LITERAL_CONVERSION = YES;
				CLANG_WARN_OBJC_ROOT_CLASS = YES_ERROR;
				CLANG_WARN_QUOTED_INCLUDE_IN_FRAMEWORK_HEADER = YES;
				CLANG_WARN_RANGE_LOOP_ANALYSIS = YES;
				CLANG_WARN_STRICT_PROTOTYPES = YES;
				CLANG_WARN_SUSPICIOUS_MOVE = YES;
				CLANG_WARN_UNGUARDED_AVAILABILITY = YES_AGGRESSIVE;
				CLANG_WARN_UNREACHABLE_CODE = YES;
				CLANG_WARN__DUPLICATE_METHOD_MATCH = YES;
				COPY_PHASE_STRIP = NO;
				DEBUG_INFORMATION_FORMAT = dwarf;
				ENABLE_STRICT_OBJC_MSGSEND = YES;
				ENABLE_TESTABILITY = YES;
				GCC_C_LANGUAGE_STANDARD = gnu11;
				GCC_DYNAMIC_NO_PIC = NO;
				GCC_NO_COMMON_BLOCKS = YES;
				GCC_OPTIMIZATION_LEVEL = 0;
				GCC_PREPROCESSOR_DEFINITIONS = (
					"DEBUG=1",
					"$(inherited)",
				);
				GCC_WARN_64_TO_32_BIT_CONVERSION = YES;
				GCC_WARN_ABOUT_RETURN_TYPE = YES_ERROR;
				GCC_WARN_UNDECLARED_SELECTOR = YES;
				GCC_WARN_UNINITIALIZED_AUTOS = YES_AGGRESSIVE;
				GCC_WARN_UNUSED_FUNCTION = YES;
				GCC_WARN_UNUSED_VARIABLE = YES;
				MTL_ENABLE_DEBUG_INFO = INCLUDE_SOURCE;
				MTL_FAST_MATH = YES;
				ONLY_ACTIVE_ARCH = YES;
				SWIFT_ACTIVE_COMPILATION_CONDITIONS = DEBUG;
				SWIFT_OPTIMIZATION_LEVEL = "-Onone";
			};
			name = Debug;
		};
		DBDF34F526BE25050054ED4E /* Release */ = {
			isa = XCBuildConfiguration;
			buildSettings = {
				ALWAYS_SEARCH_USER_PATHS = NO;
				CLANG_ANALYZER_NONNULL = YES;
				CLANG_ANALYZER_NUMBER_OBJECT_CONVERSION = YES_AGGRESSIVE;
				CLANG_CXX_LANGUAGE_STANDARD = "gnu++17";
				CLANG_CXX_LIBRARY = "libc++";
				CLANG_ENABLE_MODULES = YES;
				CLANG_ENABLE_OBJC_ARC = YES;
				CLANG_ENABLE_OBJC_WEAK = YES;
				CLANG_WARN_BLOCK_CAPTURE_AUTORELEASING = YES;
				CLANG_WARN_BOOL_CONVERSION = YES;
				CLANG_WARN_COMMA = YES;
				CLANG_WARN_CONSTANT_CONVERSION = YES;
				CLANG_WARN_DEPRECATED_OBJC_IMPLEMENTATIONS = YES;
				CLANG_WARN_DIRECT_OBJC_ISA_USAGE = YES_ERROR;
				CLANG_WARN_DOCUMENTATION_COMMENTS = YES;
				CLANG_WARN_EMPTY_BODY = YES;
				CLANG_WARN_ENUM_CONVERSION = YES;
				CLANG_WARN_INFINITE_RECURSION = YES;
				CLANG_WARN_INT_CONVERSION = YES;
				CLANG_WARN_NON_LITERAL_NULL_CONVERSION = YES;
				CLANG_WARN_OBJC_IMPLICIT_RETAIN_SELF = YES;
				CLANG_WARN_OBJC_LITERAL_CONVERSION = YES;
				CLANG_WARN_OBJC_ROOT_CLASS = YES_ERROR;
				CLANG_WARN_QUOTED_INCLUDE_IN_FRAMEWORK_HEADER = YES;
				CLANG_WARN_RANGE_LOOP_ANALYSIS = YES;
				CLANG_WARN_STRICT_PROTOTYPES = YES;
				CLANG_WARN_SUSPICIOUS_MOVE = YES;
				CLANG_WARN_UNGUARDED_AVAILABILITY = YES_AGGRESSIVE;
				CLANG_WARN_UNREACHABLE_CODE = YES;
				CLANG_WARN__DUPLICATE_METHOD_MATCH = YES;
				COPY_PHASE_STRIP = NO;
				DEBUG_INFORMATION_FORMAT = "dwarf-with-dsym";
				ENABLE_NS_ASSERTIONS = NO;
				ENABLE_STRICT_OBJC_MSGSEND = YES;
				GCC_C_LANGUAGE_STANDARD = gnu11;
				GCC_NO_COMMON_BLOCKS = YES;
				GCC_WARN_64_TO_32_BIT_CONVERSION = YES;
				GCC_WARN_ABOUT_RETURN_TYPE = YES_ERROR;
				GCC_WARN_UNDECLARED_SELECTOR = YES;
				GCC_WARN_UNINITIALIZED_AUTOS = YES_AGGRESSIVE;
				GCC_WARN_UNUSED_FUNCTION = YES;
				GCC_WARN_UNUSED_VARIABLE = YES;
				MTL_ENABLE_DEBUG_INFO = NO;
				MTL_FAST_MATH = YES;
				SWIFT_COMPILATION_MODE = wholemodule;
				SWIFT_OPTIMIZATION_LEVEL = "-O";
			};
			name = Release;
		};
		DBDF34F726BE25050054ED4E /* Debug */ = {
			isa = XCBuildConfiguration;
			buildSettings = {
				ASSETCATALOG_COMPILER_APPICON_NAME = AppIcon;
				ASSETCATALOG_COMPILER_GLOBAL_ACCENT_COLOR_NAME = AccentColor;
				CODE_SIGN_STYLE = Automatic;
				CURRENT_PROJECT_VERSION = 1;
				DEVELOPMENT_TEAM = TUJ2K3RZY2;
				ENABLE_PREVIEWS = YES;
				GENERATE_INFOPLIST_FILE = YES;
				INFOPLIST_KEY_UIApplicationSceneManifest_Generation = YES;
				INFOPLIST_KEY_UIApplicationSupportsIndirectInputEvents = YES;
				INFOPLIST_KEY_UILaunchScreen_Generation = YES;
				INFOPLIST_KEY_UISupportedInterfaceOrientations_iPad = "UIInterfaceOrientationPortrait UIInterfaceOrientationPortraitUpsideDown UIInterfaceOrientationLandscapeLeft UIInterfaceOrientationLandscapeRight";
				INFOPLIST_KEY_UISupportedInterfaceOrientations_iPhone = "UIInterfaceOrientationPortrait UIInterfaceOrientationLandscapeLeft UIInterfaceOrientationLandscapeRight";
				IPHONEOS_DEPLOYMENT_TARGET = 14.0;
				LD_RUNPATH_SEARCH_PATHS = (
					"$(inherited)",
					"@executable_path/Frameworks",
				);
				MARKETING_VERSION = 1.0;
				PRODUCT_BUNDLE_IDENTIFIER = yulingchen.com.UnitTestDemo;
				PRODUCT_NAME = UnitTestDemo;
				SDKROOT = iphoneos;
				SWIFT_EMIT_LOC_STRINGS = YES;
				SWIFT_VERSION = 5.0;
				TARGETED_DEVICE_FAMILY = "1,2";
			};
			name = Debug;
		};
		DBDF34F826BE25050054ED4E /* Release */ = {
			isa = XCBuildConfiguration;
			buildSettings = {
				ASSETCATALOG_COMPILER_APPICON_NAME = AppIcon;
				ASSETCATALOG_COMPILER_GLOBAL_ACCENT_COLOR_NAME = AccentColor;
				CODE_SIGN_STYLE = Automatic;
				CURRENT_PROJECT_VERSION = 1;
				DEVELOPMENT_TEAM = TUJ2K3RZY2;
				ENABLE_PREVIEWS = YES;
				GENERATE_INFOPLIST_FILE = YES;
				INFOPLIST_KEY_UIApplicationSceneManifest_Generation = YES;
				INFOPLIST_KEY_UIApplicationSupportsIndirectInputEvents = YES;
				INFOPLIST_KEY_UILaunchScreen_Generation = YES;
				INFOPLIST_KEY_UISupportedInterfaceOrientations_iPad = "UIInterfaceOrientationPortrait UIInterfaceOrientationPortraitUpsideDown UIInterfaceOrientationLandscapeLeft UIInterfaceOrientationLandscapeRight";
				INFOPLIST_KEY_UISupportedInterfaceOrientations_iPhone = "UIInterfaceOrientationPortrait UIInterfaceOrientationLandscapeLeft UIInterfaceOrientationLandscapeRight";
				IPHONEOS_DEPLOYMENT_TARGET = 14.0;
				LD_RUNPATH_SEARCH_PATHS = (
					"$(inherited)",
					"@executable_path/Frameworks",
				);
				MARKETING_VERSION = 1.0;
				PRODUCT_BUNDLE_IDENTIFIER = yulingchen.com.UnitTestDemo;
				PRODUCT_NAME = UnitTestDemo;
				SDKROOT = iphoneos;
				SWIFT_EMIT_LOC_STRINGS = YES;
				SWIFT_VERSION = 5.0;
				TARGETED_DEVICE_FAMILY = "1,2";
				VALIDATE_PRODUCT = YES;
			};
			name = Release;
		};
		DBDF34FA26BE25050054ED4E /* Debug */ = {
			isa = XCBuildConfiguration;
			buildSettings = {
				ASSETCATALOG_COMPILER_APPICON_NAME = AppIcon;
				ASSETCATALOG_COMPILER_GLOBAL_ACCENT_COLOR_NAME = AccentColor;
				CODE_SIGN_STYLE = Automatic;
				COMBINE_HIDPI_IMAGES = YES;
				CURRENT_PROJECT_VERSION = 1;
				DEVELOPMENT_TEAM = TUJ2K3RZY2;
				ENABLE_APP_SANDBOX = YES;
				ENABLE_HARDENED_RUNTIME = YES;
				ENABLE_PREVIEWS = YES;
				ENABLE_USER_SELECTED_FILES = readonly;
				GENERATE_INFOPLIST_FILE = YES;
				INFOPLIST_KEY_NSHumanReadableCopyright = "";
				LD_RUNPATH_SEARCH_PATHS = (
					"$(inherited)",
					"@executable_path/../Frameworks",
				);
				MACOSX_DEPLOYMENT_TARGET = 11.0;
				MARKETING_VERSION = 1.0;
				PRODUCT_BUNDLE_IDENTIFIER = yulingchen.com.UnitTestDemo;
				PRODUCT_NAME = UnitTestDemo;
				SDKROOT = macosx;
				SWIFT_EMIT_LOC_STRINGS = YES;
				SWIFT_VERSION = 5.0;
			};
			name = Debug;
		};
		DBDF34FB26BE25050054ED4E /* Release */ = {
			isa = XCBuildConfiguration;
			buildSettings = {
				ASSETCATALOG_COMPILER_APPICON_NAME = AppIcon;
				ASSETCATALOG_COMPILER_GLOBAL_ACCENT_COLOR_NAME = AccentColor;
				CODE_SIGN_STYLE = Automatic;
				COMBINE_HIDPI_IMAGES = YES;
				CURRENT_PROJECT_VERSION = 1;
				DEVELOPMENT_TEAM = TUJ2K3RZY2;
				ENABLE_APP_SANDBOX = YES;
				ENABLE_HARDENED_RUNTIME = YES;
				ENABLE_PREVIEWS = YES;
				ENABLE_USER_SELECTED_FILES = readonly;
				GENERATE_INFOPLIST_FILE = YES;
				INFOPLIST_KEY_NSHumanReadableCopyright = "";
				LD_RUNPATH_SEARCH_PATHS = (
					"$(inherited)",
					"@executable_path/../Frameworks",
				);
				MACOSX_DEPLOYMENT_TARGET = 11.0;
				MARKETING_VERSION = 1.0;
				PRODUCT_BUNDLE_IDENTIFIER = yulingchen.com.UnitTestDemo;
				PRODUCT_NAME = UnitTestDemo;
				SDKROOT = macosx;
				SWIFT_EMIT_LOC_STRINGS = YES;
				SWIFT_VERSION = 5.0;
			};
			name = Release;
		};
		DBDF34FD26BE25050054ED4E /* Debug */ = {
			isa = XCBuildConfiguration;
			buildSettings = {
				ALWAYS_EMBED_SWIFT_STANDARD_LIBRARIES = YES;
				CODE_SIGN_STYLE = Automatic;
				CURRENT_PROJECT_VERSION = 1;
				DEVELOPMENT_TEAM = TUJ2K3RZY2;
				GENERATE_INFOPLIST_FILE = YES;
				IPHONEOS_DEPLOYMENT_TARGET = 15.0;
				LD_RUNPATH_SEARCH_PATHS = (
					"$(inherited)",
					"@executable_path/Frameworks",
					"@loader_path/Frameworks",
				);
				MARKETING_VERSION = 1.0;
				PRODUCT_BUNDLE_IDENTIFIER = "yulingchen.com.Tests-iOS";
				PRODUCT_NAME = "$(TARGET_NAME)";
				SDKROOT = iphoneos;
				SWIFT_EMIT_LOC_STRINGS = NO;
				SWIFT_VERSION = 5.0;
				TARGETED_DEVICE_FAMILY = "1,2";
				TEST_TARGET_NAME = "UnitTestDemo (iOS)";
			};
			name = Debug;
		};
		DBDF34FE26BE25050054ED4E /* Release */ = {
			isa = XCBuildConfiguration;
			buildSettings = {
				ALWAYS_EMBED_SWIFT_STANDARD_LIBRARIES = YES;
				CODE_SIGN_STYLE = Automatic;
				CURRENT_PROJECT_VERSION = 1;
				DEVELOPMENT_TEAM = TUJ2K3RZY2;
				GENERATE_INFOPLIST_FILE = YES;
				IPHONEOS_DEPLOYMENT_TARGET = 15.0;
				LD_RUNPATH_SEARCH_PATHS = (
					"$(inherited)",
					"@executable_path/Frameworks",
					"@loader_path/Frameworks",
				);
				MARKETING_VERSION = 1.0;
				PRODUCT_BUNDLE_IDENTIFIER = "yulingchen.com.Tests-iOS";
				PRODUCT_NAME = "$(TARGET_NAME)";
				SDKROOT = iphoneos;
				SWIFT_EMIT_LOC_STRINGS = NO;
				SWIFT_VERSION = 5.0;
				TARGETED_DEVICE_FAMILY = "1,2";
				TEST_TARGET_NAME = "UnitTestDemo (iOS)";
				VALIDATE_PRODUCT = YES;
			};
			name = Release;
		};
		DBDF350026BE25050054ED4E /* Debug */ = {
			isa = XCBuildConfiguration;
			buildSettings = {
				ALWAYS_EMBED_SWIFT_STANDARD_LIBRARIES = YES;
				CODE_SIGN_STYLE = Automatic;
				COMBINE_HIDPI_IMAGES = YES;
				CURRENT_PROJECT_VERSION = 1;
				DEVELOPMENT_TEAM = TUJ2K3RZY2;
				GENERATE_INFOPLIST_FILE = YES;
				LD_RUNPATH_SEARCH_PATHS = (
					"$(inherited)",
					"@executable_path/../Frameworks",
					"@loader_path/../Frameworks",
				);
				MACOSX_DEPLOYMENT_TARGET = 11.5;
				MARKETING_VERSION = 1.0;
				PRODUCT_BUNDLE_IDENTIFIER = "yulingchen.com.Tests-macOS";
				PRODUCT_NAME = "$(TARGET_NAME)";
				SDKROOT = macosx;
				SWIFT_EMIT_LOC_STRINGS = NO;
				SWIFT_VERSION = 5.0;
				TEST_TARGET_NAME = "UnitTestDemo (macOS)";
			};
			name = Debug;
		};
		DBDF350126BE25050054ED4E /* Release */ = {
			isa = XCBuildConfiguration;
			buildSettings = {
				ALWAYS_EMBED_SWIFT_STANDARD_LIBRARIES = YES;
				CODE_SIGN_STYLE = Automatic;
				COMBINE_HIDPI_IMAGES = YES;
				CURRENT_PROJECT_VERSION = 1;
				DEVELOPMENT_TEAM = TUJ2K3RZY2;
				GENERATE_INFOPLIST_FILE = YES;
				LD_RUNPATH_SEARCH_PATHS = (
					"$(inherited)",
					"@executable_path/../Frameworks",
					"@loader_path/../Frameworks",
				);
				MACOSX_DEPLOYMENT_TARGET = 11.5;
				MARKETING_VERSION = 1.0;
				PRODUCT_BUNDLE_IDENTIFIER = "yulingchen.com.Tests-macOS";
				PRODUCT_NAME = "$(TARGET_NAME)";
				SDKROOT = macosx;
				SWIFT_EMIT_LOC_STRINGS = NO;
				SWIFT_VERSION = 5.0;
				TEST_TARGET_NAME = "UnitTestDemo (macOS)";
			};
			name = Release;
		};
/* End XCBuildConfiguration section */

/* Begin XCConfigurationList section */
		DBDF34CA26BE25040054ED4E /* Build configuration list for PBXProject "UnitTestDemo" */ = {
			isa = XCConfigurationList;
			buildConfigurations = (
				DBDF34F426BE25050054ED4E /* Debug */,
				DBDF34F526BE25050054ED4E /* Release */,
			);
			defaultConfigurationIsVisible = 0;
			defaultConfigurationName = Release;
		};
		DBDF34F626BE25050054ED4E /* Build configuration list for PBXNativeTarget "UnitTestDemo (iOS)" */ = {
			isa = XCConfigurationList;
			buildConfigurations = (
				DBDF34F726BE25050054ED4E /* Debug */,
				DBDF34F826BE25050054ED4E /* Release */,
			);
			defaultConfigurationIsVisible = 0;
			defaultConfigurationName = Release;
		};
		DBDF34F926BE25050054ED4E /* Build configuration list for PBXNativeTarget "UnitTestDemo (macOS)" */ = {
			isa = XCConfigurationList;
			buildConfigurations = (
				DBDF34FA26BE25050054ED4E /* Debug */,
				DBDF34FB26BE25050054ED4E /* Release */,
			);
			defaultConfigurationIsVisible = 0;
			defaultConfigurationName = Release;
		};
		DBDF34FC26BE25050054ED4E /* Build configuration list for PBXNativeTarget "Tests iOS" */ = {
			isa = XCConfigurationList;
			buildConfigurations = (
				DBDF34FD26BE25050054ED4E /* Debug */,
				DBDF34FE26BE25050054ED4E /* Release */,
			);
			defaultConfigurationIsVisible = 0;
			defaultConfigurationName = Release;
		};
		DBDF34FF26BE25050054ED4E /* Build configuration list for PBXNativeTarget "Tests macOS" */ = {
			isa = XCConfigurationList;
			buildConfigurations = (
				DBDF350026BE25050054ED4E /* Debug */,
				DBDF350126BE25050054ED4E /* Release */,
			);
			defaultConfigurationIsVisible = 0;
			defaultConfigurationName = Release;
		};
/* End XCConfigurationList section */
	};
	rootObject = DBDF34C726BE25040054ED4E /* Project object */;
}
